
Microsoft Visual Studio Solution File, Format Version 12.00
# Visual Studio Version 16
VisualStudioVersion = 16.0.31702.278
MinimumVisualStudioVersion = 10.0.40219.1
Project("{FAE04EC0-301F-11D3-BF4B-00C04F79EFBC}") = "Cordea_Anamaria_Proiect", "Cordea_Anamaria_Proiect.csproj", "{EAAE7E53-6CC8-4D16-80C2-21CA6152D67E}"
EndProject
Project("{FAE04EC0-301F-11D3-BF4B-00C04F79EFBC}") = "DatabaseModel", "..\DatabaseModel\DatabaseModel.csproj", "{C109F6E4-1B6C-445D-AD4B-91FF191D9D14}"
EndProject
Global
	GlobalSection(SolutionConfigurationPlatforms) = preSolution
		Debug|Any CPU = Debug|Any CPU
		Release|Any CPU = Release|Any CPU
	EndGlobalSection
	GlobalSection(ProjectConfigurationPlatforms) = postSolution
		{EAAE7E53-6CC8-4D16-80C2-21CA6152D67E}.Debug|Any CPU.ActiveCfg = Debug|Any CPU
		{EAAE7E53-6CC8-4D16-80C2-21CA6152D67E}.Debug|Any CPU.Build.0 = Debug|Any CPU
		{EAAE7E53-6CC8-4D16-80C2-21CA6152D67E}.Release|Any CPU.ActiveCfg = Release|Any CPU
		{EAAE7E53-6CC8-4D16-80C2-21CA6152D67E}.Release|Any CPU.Build.0 = Release|Any CPU
		{C109F6E4-1B6C-445D-AD4B-91FF191D9D14}.Debug|Any CPU.ActiveCfg = Debug|Any CPU
		{C109F6E4-1B6C-445D-AD4B-91FF191D9D14}.Debug|Any CPU.Build.0 = Debug|Any CPU
		{C109F6E4-1B6C-445D-AD4B-91FF191D9D14}.Release|Any CPU.ActiveCfg = Release|Any CPU
		{C109F6E4-1B6C-445D-AD4B-91FF191D9D14}.Release|Any CPU.Build.0 = Release|Any CPU
	EndGlobalSection
	GlobalSection(SolutionProperties) = preSolution
		HideSolutionNode = FALSE
	EndGlobalSection
	GlobalSection(ExtensibilityGlobals) = postSolution
		SolutionGuid = {3DE8A206-5AD9-438A-98FF-5295533463E4}
	EndGlobalSection
EndGlobal
